// !$*UTF8*$!
{
	archiveVersion = 1;
	classes = {
	};
	objectVersion = 56;
	objects = {

/* Begin PBXBuildFile section */
		A021DC9D29BC9DE800A2E940 /* AppDelegate.swift in Sources */ = {isa = PBXBuildFile; fileRef = A021DC9C29BC9DE800A2E940 /* AppDelegate.swift */; };
		A021DC9F29BC9DE800A2E940 /* SceneDelegate.swift in Sources */ = {isa = PBXBuildFile; fileRef = A021DC9E29BC9DE800A2E940 /* SceneDelegate.swift */; };
		A021DCA129BC9DE800A2E940 /* ViewController.swift in Sources */ = {isa = PBXBuildFile; fileRef = A021DCA029BC9DE800A2E940 /* ViewController.swift */; };
		A021DCA629BC9DE900A2E940 /* Assets.xcassets in Resources */ = {isa = PBXBuildFile; fileRef = A021DCA529BC9DE900A2E940 /* Assets.xcassets */; };
		A021DCA929BC9DE900A2E940 /* LaunchScreen.storyboard in Resources */ = {isa = PBXBuildFile; fileRef = A021DCA729BC9DE900A2E940 /* LaunchScreen.storyboard */; };
		A021DCB129BC9E1800A2E940 /* VC+.swift in Sources */ = {isa = PBXBuildFile; fileRef = A021DCB029BC9E1800A2E940 /* VC+.swift */; };
		A021DCB429BC9E4200A2E940 /* TableViewCell.swift in Sources */ = {isa = PBXBuildFile; fileRef = A021DCB229BC9E4200A2E940 /* TableViewCell.swift */; };
		A021DCB729BCA46100A2E940 /* Main.storyboard in Resources */ = {isa = PBXBuildFile; fileRef = A021DCB629BCA46100A2E940 /* Main.storyboard */; };
		A0A5EF9429D49F1800FF6732 /* TableViewCell.xib in Resources */ = {isa = PBXBuildFile; fileRef = A0A5EF9329D49F1800FF6732 /* TableViewCell.xib */; };
/* End PBXBuildFile section */

/* Begin PBXFileReference section */
		A021DC9929BC9DE800A2E940 /* NewToDO.app */ = {isa = PBXFileReference; explicitFileType = wrapper.application; includeInIndex = 0; path = NewToDO.app; sourceTree = BUILT_PRODUCTS_DIR; };
		A021DC9C29BC9DE800A2E940 /* AppDelegate.swift */ = {isa = PBXFileReference; lastKnownFileType = sourcecode.swift; path = AppDelegate.swift; sourceTree = "<group>"; };
		A021DC9E29BC9DE800A2E940 /* SceneDelegate.swift */ = {isa = PBXFileReference; lastKnownFileType = sourcecode.swift; path = SceneDelegate.swift; sourceTree = "<group>"; };
		A021DCA029BC9DE800A2E940 /* ViewController.swift */ = {isa = PBXFileReference; lastKnownFileType = sourcecode.swift; path = ViewController.swift; sourceTree = "<group>"; };
		A021DCA529BC9DE900A2E940 /* Assets.xcassets */ = {isa = PBXFileReference; lastKnownFileType = folder.assetcatalog; path = Assets.xcassets; sourceTree = "<group>"; };
		A021DCA829BC9DE900A2E940 /* Base */ = {isa = PBXFileReference; lastKnownFileType = file.storyboard; name = Base; path = Base.lproj/LaunchScreen.storyboard; sourceTree = "<group>"; };
		A021DCAA29BC9DE900A2E940 /* Info.plist */ = {isa = PBXFileReference; lastKnownFileType = text.plist.xml; path = Info.plist; sourceTree = "<group>"; };
		A021DCB029BC9E1800A2E940 /* VC+.swift */ = {isa = PBXFileReference; lastKnownFileType = sourcecode.swift; path = "VC+.swift"; sourceTree = "<group>"; };
		A021DCB229BC9E4200A2E940 /* TableViewCell.swift */ = {isa = PBXFileReference; lastKnownFileType = sourcecode.swift; path = TableViewCell.swift; sourceTree = "<group>"; };
		A021DCB629BCA46100A2E940 /* Main.storyboard */ = {isa = PBXFileReference; fileEncoding = 4; lastKnownFileType = file.storyboard; path = Main.storyboard; sourceTree = "<group>"; };
		A0A5EF9329D49F1800FF6732 /* TableViewCell.xib */ = {isa = PBXFileReference; fileEncoding = 4; lastKnownFileType = file.xib; path = TableViewCell.xib; sourceTree = "<group>"; };
/* End PBXFileReference section */

/* Begin PBXFrameworksBuildPhase section */
		A021DC9629BC9DE800A2E940 /* Frameworks */ = {
			isa = PBXFrameworksBuildPhase;
			buildActionMask = 2147483647;
			files = (
			);
			runOnlyForDeploymentPostprocessing = 0;
		};
/* End PBXFrameworksBuildPhase section */

/* Begin PBXGroup section */
		A021DC9029BC9DE700A2E940 = {
			isa = PBXGroup;
			children = (
				A021DC9B29BC9DE800A2E940 /* NewToDO */,
				A021DC9A29BC9DE800A2E940 /* Products */,
			);
			sourceTree = "<group>";
		};
		A021DC9A29BC9DE800A2E940 /* Products */ = {
			isa = PBXGroup;
			children = (
				A021DC9929BC9DE800A2E940 /* NewToDO.app */,
			);
			name = Products;
			sourceTree = "<group>";
		};
		A021DC9B29BC9DE800A2E940 /* NewToDO */ = {
			isa = PBXGroup;
			children = (
				A021DC9C29BC9DE800A2E940 /* AppDelegate.swift */,
				A021DC9E29BC9DE800A2E940 /* SceneDelegate.swift */,
				A021DCA029BC9DE800A2E940 /* ViewController.swift */,
				A021DCB629BCA46100A2E940 /* Main.storyboard */,
				A021DCB029BC9E1800A2E940 /* VC+.swift */,
				A0A5EF9329D49F1800FF6732 /* TableViewCell.xib */,
				A021DCB229BC9E4200A2E940 /* TableViewCell.swift */,
				A021DCA529BC9DE900A2E940 /* Assets.xcassets */,
				A021DCA729BC9DE900A2E940 /* LaunchScreen.storyboard */,
				A021DCAA29BC9DE900A2E940 /* Info.plist */,
			);
			path = NewToDO;
			sourceTree = "<group>";
		};
/* End PBXGroup section */

/* Begin PBXNativeTarget section */
		A021DC9829BC9DE800A2E940 /* NewToDO */ = {
			isa = PBXNativeTarget;
			buildConfigurationList = A021DCAD29BC9DE900A2E940 /* Build configuration list for PBXNativeTarget "NewToDO" */;
			buildPhases = (
				A021DC9529BC9DE800A2E940 /* Sources */,
				A021DC9629BC9DE800A2E940 /* Frameworks */,
				A021DC9729BC9DE800A2E940 /* Resources */,
			);
			buildRules = (
			);
			dependencies = (
			);
			name = NewToDO;
			productName = NewToDO;
			productReference = A021DC9929BC9DE800A2E940 /* NewToDO.app */;
			productType = "com.apple.product-type.application";
		};
/* End PBXNativeTarget section */

/* Begin PBXProject section */
		A021DC9129BC9DE700A2E940 /* Project object */ = {
			isa = PBXProject;
			attributes = {
				BuildIndependentTargetsInParallel = 1;
				LastSwiftUpdateCheck = 1400;
				LastUpgradeCheck = 1400;
				TargetAttributes = {
					A021DC9829BC9DE800A2E940 = {
						CreatedOnToolsVersion = 14.0.1;
					};
				};
			};
			buildConfigurationList = A021DC9429BC9DE700A2E940 /* Build configuration list for PBXProject "NewToDO" */;
			compatibilityVersion = "Xcode 14.0";
			developmentRegion = en;
			hasScannedForEncodings = 0;
			knownRegions = (
				en,
				Base,
			);
			mainGroup = A021DC9029BC9DE700A2E940;
			productRefGroup = A021DC9A29BC9DE800A2E940 /* Products */;
			projectDirPath = "";
			projectRoot = "";
			targets = (
				A021DC9829BC9DE800A2E940 /* NewToDO */,
			);
		};
/* End PBXProject section */

/* Begin PBXResourcesBuildPhase section */
		A021DC9729BC9DE800A2E940 /* Resources */ = {
			isa = PBXResourcesBuildPhase;
			buildActionMask = 2147483647;
			files = (
				A021DCA929BC9DE900A2E940 /* LaunchScreen.storyboard in Resources */,
				A0A5EF9429D49F1800FF6732 /* TableViewCell.xib in Resources */,
				A021DCA629BC9DE900A2E940 /* Assets.xcassets in Resources */,
				A021DCB729BCA46100A2E940 /* Main.storyboard in Resources */,
			);
			runOnlyForDeploymentPostprocessing = 0;
		};
/* End PBXResourcesBuildPhase section */

/* Begin PBXSourcesBuildPhase section */
		A021DC9529BC9DE800A2E940 /* Sources */ = {
			isa = PBXSourcesBuildPhase;
			buildActionMask = 2147483647;
			files = (
				A021DCB429BC9E4200A2E940 /* TableViewCell.swift in Sources */,
				A021DCB129BC9E1800A2E940 /* VC+.swift in Sources */,
				A021DCA129BC9DE800A2E940 /* ViewController.swift in Sources */,
				A021DC9D29BC9DE800A2E940 /* AppDelegate.swift in Sources */,
				A021DC9F29BC9DE800A2E940 /* SceneDelegate.swift in Sources */,
			);
			runOnlyForDeploymentPostprocessing = 0;
		};
/* End PBXSourcesBuildPhase section */

/* Begin PBXVariantGroup section */
		A021DCA729BC9DE900A2E940 /* LaunchScreen.storyboard */ = {
			isa = PBXVariantGroup;
			children = (
				A021DCA829BC9DE900A2E940 /* Base */,
			);
			name = LaunchScreen.storyboard;
			sourceTree = "<group>";
		};
/* End PBXVariantGroup section */

/* Begin XCBuildConfiguration section */
		A021DCAB29BC9DE900A2E940 /* Debug */ = {
			isa = XCBuildConfiguration;
			buildSettings = {
				ALWAYS_SEARCH_USER_PATHS = NO;
				CLANG_ANALYZER_NONNULL = YES;
				CLANG_ANALYZER_NUMBER_OBJECT_CONVERSION = YES_AGGRESSIVE;
				CLANG_CXX_LANGUAGE_STANDARD = "gnu++20";
				CLANG_ENABLE_MODULES = YES;
				CLANG_ENABLE_OBJC_ARC = YES;
				CLANG_ENABLE_OBJC_WEAK = YES;
				CLANG_WARN_BLOCK_CAPTURE_AUTORELEASING = YES;
				CLANG_WARN_BOOL_CONVERSION = YES;
				CLANG_WARN_COMMA = YES;
				CLANG_WARN_CONSTANT_CONVERSION = YES;
				CLANG_WARN_DEPRECATED_OBJC_IMPLEMENTATIONS = YES;
				CLANG_WARN_DIRECT_OBJC_ISA_USAGE = YES_ERROR;
				CLANG_WARN_DOCUMENTATION_COMMENTS = YES;
				CLANG_WARN_EMPTY_BODY = YES;
				CLANG_WARN_ENUM_CONVERSION = YES;
				CLANG_WARN_INFINITE_RECURSION = YES;
				CLANG_WARN_INT_CONVERSION = YES;
				CLANG_WARN_NON_LITERAL_NULL_CONVERSION = YES;
				CLANG_WARN_OBJC_IMPLICIT_RETAIN_SELF = YES;
				CLANG_WARN_OBJC_LITERAL_CONVERSION = YES;
				CLANG_WARN_OBJC_ROOT_CLASS = YES_ERROR;
				CLANG_WARN_QUOTED_INCLUDE_IN_FRAMEWORK_HEADER = YES;
				CLANG_WARN_RANGE_LOOP_ANALYSIS = YES;
				CLANG_WARN_STRICT_PROTOTYPES = YES;
				CLANG_WARN_SUSPICIOUS_MOVE = YES;
				CLANG_WARN_UNGUARDED_AVAILABILITY = YES_AGGRESSIVE;
				CLANG_WARN_UNREACHABLE_CODE = YES;
				CLANG_WARN__DUPLICATE_METHOD_MATCH = YES;
				COPY_PHASE_STRIP = NO;
				DEBUG_INFORMATION_FORMAT = dwarf;
				ENABLE_STRICT_OBJC_MSGSEND = YES;
				ENABLE_TESTABILITY = YES;
				GCC_C_LANGUAGE_STANDARD = gnu11;
				GCC_DYNAMIC_NO_PIC = NO;
				GCC_NO_COMMON_BLOCKS = YES;
				GCC_OPTIMIZATION_LEVEL = 0;
				GCC_PREPROCESSOR_DEFINITIONS = (
					"DEBUG=1",
					"$(inherited)",
				);
				GCC_WARN_64_TO_32_BIT_CONVERSION = YES;
				GCC_WARN_ABOUT_RETURN_TYPE = YES_ERROR;
				GCC_WARN_UNDECLARED_SELECTOR = YES;
				GCC_WARN_UNINITIALIZED_AUTOS = YES_AGGRESSIVE;
				GCC_WARN_UNUSED_FUNCTION = YES;
				GCC_WARN_UNUSED_VARIABLE = YES;
				IPHONEOS_DEPLOYMENT_TARGET = 16.0;
				MTL_ENABLE_DEBUG_INFO = INCLUDE_SOURCE;
				MTL_FAST_MATH = YES;
				ONLY_ACTIVE_ARCH = YES;
				SDKROOT = iphoneos;
				SWIFT_ACTIVE_COMPILATION_CONDITIONS = DEBUG;
				SWIFT_OPTIMIZATION_LEVEL = "-Onone";
			};
			name = Debug;
		};
		A021DCAC29BC9DE900A2E940 /* Release */ = {
			isa = XCBuildConfiguration;
			buildSettings = {
				ALWAYS_SEARCH_USER_PATHS = NO;
				CLANG_ANALYZER_NONNULL = YES;
				CLANG_ANALYZER_NUMBER_OBJECT_CONVERSION = YES_AGGRESSIVE;
				CLANG_CXX_LANGUAGE_STANDARD = "gnu++20";
				CLANG_ENABLE_MODULES = YES;
				CLANG_ENABLE_OBJC_ARC = YES;
				CLANG_ENABLE_OBJC_WEAK = YES;
				CLANG_WARN_BLOCK_CAPTURE_AUTORELEASING = YES;
				CLANG_WARN_BOOL_CONVERSION = YES;
				CLANG_WARN_COMMA = YES;
				CLANG_WARN_CONSTANT_CONVERSION = YES;
				CLANG_WARN_DEPRECATED_OBJC_IMPLEMENTATIONS = YES;
				CLANG_WARN_DIRECT_OBJC_ISA_USAGE = YES_ERROR;
				CLANG_WARN_DOCUMENTATION_COMMENTS = YES;
				CLANG_WARN_EMPTY_BODY = YES;
				CLANG_WARN_ENUM_CONVERSION = YES;
				CLANG_WARN_INFINITE_RECURSION = YES;
				CLANG_WARN_INT_CONVERSION = YES;
				CLANG_WARN_NON_LITERAL_NULL_CONVERSION = YES;
				CLANG_WARN_OBJC_IMPLICIT_RETAIN_SELF = YES;
				CLANG_WARN_OBJC_LITERAL_CONVERSION = YES;
				CLANG_WARN_OBJC_ROOT_CLASS = YES_ERROR;
				CLANG_WARN_QUOTED_INCLUDE_IN_FRAMEWORK_HEADER = YES;
				CLANG_WARN_RANGE_LOOP_ANALYSIS = YES;
				CLANG_WARN_STRICT_PROTOTYPES = YES;
				CLANG_WARN_SUSPICIOUS_MOVE = YES;
				CLANG_WARN_UNGUARDED_AVAILABILITY = YES_AGGRESSIVE;
				CLANG_WARN_UNREACHABLE_CODE = YES;
				CLANG_WARN__DUPLICATE_METHOD_MATCH = YES;
				COPY_PHASE_STRIP = NO;
				DEBUG_INFORMATION_FORMAT = "dwarf-with-dsym";
				ENABLE_NS_ASSERTIONS = NO;
				ENABLE_STRICT_OBJC_MSGSEND = YES;
				GCC_C_LANGUAGE_STANDARD = gnu11;
				GCC_NO_COMMON_BLOCKS = YES;
				GCC_WARN_64_TO_32_BIT_CONVERSION = YES;
				GCC_WARN_ABOUT_RETURN_TYPE = YES_ERROR;
				GCC_WARN_UNDECLARED_SELECTOR = YES;
				GCC_WARN_UNINITIALIZED_AUTOS = YES_AGGRESSIVE;
				GCC_WARN_UNUSED_FUNCTION = YES;
				GCC_WARN_UNUSED_VARIABLE = YES;
				IPHONEOS_DEPLOYMENT_TARGET = 16.0;
				MTL_ENABLE_DEBUG_INFO = NO;
				MTL_FAST_MATH = YES;
				SDKROOT = iphoneos;
				SWIFT_COMPILATION_MODE = wholemodule;
				SWIFT_OPTIMIZATION_LEVEL = "-O";
				VALIDATE_PRODUCT = YES;
			};
			name = Release;
		};
		A021DCAE29BC9DE900A2E940 /* Debug */ = {
			isa = XCBuildConfiguration;
			buildSettings = {
				ASSETCATALOG_COMPILER_APPICON_NAME = AppIcon;
				ASSETCATALOG_COMPILER_GLOBAL_ACCENT_COLOR_NAME = AccentColor;
				CODE_SIGN_STYLE = Automatic;
				CURRENT_PROJECT_VERSION = 1;
				GENERATE_INFOPLIST_FILE = YES;
				INFOPLIST_FILE = NewToDO/Info.plist;
				INFOPLIST_KEY_UIApplicationSupportsIndirectInputEvents = YES;
				INFOPLIST_KEY_UILaunchStoryboardName = LaunchScreen;
				INFOPLIST_KEY_UIMainStoryboardFile = Main;
				INFOPLIST_KEY_UISupportedInterfaceOrientations_iPad = "UIInterfaceOrientationPortrait UIInterfaceOrientationPortraitUpsideDown UIInterfaceOrientationLandscapeLeft UIInterfaceOrientationLandscapeRight";
				INFOPLIST_KEY_UISupportedInterfaceOrientations_iPhone = "UIInterfaceOrientationPortrait UIInterfaceOrientationLandscapeLeft UIInterfaceOrientationLandscapeRight";
				LD_RUNPATH_SEARCH_PATHS = (
					"$(inherited)",
					"@executable_path/Frameworks",
				);
				MARKETING_VERSION = 1.0;
				PRODUCT_BUNDLE_IDENTIFIER = "-23.NewToDO";
				PRODUCT_NAME = "$(TARGET_NAME)";
				SWIFT_EMIT_LOC_STRINGS = YES;
				SWIFT_VERSION = 5.0;
				TARGETED_DEVICE_FAMILY = "1,2";
			};
			name = Debug;
		};
		A021DCAF29BC9DE900A2E940 /* Release */ = {
			isa = XCBuildConfiguration;
			buildSettings = {
				ASSETCATALOG_COMPILER_APPICON_NAME = AppIcon;
				ASSETCATALOG_COMPILER_GLOBAL_ACCENT_COLOR_NAME = AccentColor;
				CODE_SIGN_STYLE = Automatic;
				CURRENT_PROJECT_VERSION = 1;
				GENERATE_INFOPLIST_FILE = YES;
				INFOPLIST_FILE = NewToDO/Info.plist;
				INFOPLIST_KEY_UIApplicationSupportsIndirectInputEvents = YES;
				INFOPLIST_KEY_UILaunchStoryboardName = LaunchScreen;
				INFOPLIST_KEY_UIMainStoryboardFile = Main;
				INFOPLIST_KEY_UISupportedInterfaceOrientations_iPad = "UIInterfaceOrientationPortrait UIInterfaceOrientationPortraitUpsideDown UIInterfaceOrientationLandscapeLeft UIInterfaceOrientationLandscapeRight";
				INFOPLIST_KEY_UISupportedInterfaceOrientations_iPhone = "UIInterfaceOrientationPortrait UIInterfaceOrientationLandscapeLeft UIInterfaceOrientationLandscapeRight";
				LD_RUNPATH_SEARCH_PATHS = (
					"$(inherited)",
					"@executable_path/Frameworks",
				);
				MARKETING_VERSION = 1.0;
				PRODUCT_BUNDLE_IDENTIFIER = "-23.NewToDO";
				PRODUCT_NAME = "$(TARGET_NAME)";
				SWIFT_EMIT_LOC_STRINGS = YES;
				SWIFT_VERSION = 5.0;
				TARGETED_DEVICE_FAMILY = "1,2";
			};
			name = Release;
		};
/* End XCBuildConfiguration section */

/* Begin XCConfigurationList section */
		A021DC9429BC9DE700A2E940 /* Build configuration list for PBXProject "NewToDO" */ = {
			isa = XCConfigurationList;
			buildConfigurations = (
				A021DCAB29BC9DE900A2E940 /* Debug */,
				A021DCAC29BC9DE900A2E940 /* Release */,
			);
			defaultConfigurationIsVisible = 0;
			defaultConfigurationName = Release;
		};
		A021DCAD29BC9DE900A2E940 /* Build configuration list for PBXNativeTarget "NewToDO" */ = {
			isa = XCConfigurationList;
			buildConfigurations = (
				A021DCAE29BC9DE900A2E940 /* Debug */,
				A021DCAF29BC9DE900A2E940 /* Release */,
			);
			defaultConfigurationIsVisible = 0;
			defaultConfigurationName = Release;
		};
/* End XCConfigurationList section */
	};
	rootObject = A021DC9129BC9DE700A2E940 /* Project object */;
}
